// !$*UTF8*$!
{
	archiveVersion = 1;
	classes = {
	};
	objectVersion = 56;
	objects = {

/* Begin PBXBuildFile section */
		04715A612C08F1D100D8DC3B /* AppDelegate.swift in Sources */ = {isa = PBXBuildFile; fileRef = 04715A602C08F1D100D8DC3B /* AppDelegate.swift */; };
		04715A632C08F1D100D8DC3B /* SceneDelegate.swift in Sources */ = {isa = PBXBuildFile; fileRef = 04715A622C08F1D100D8DC3B /* SceneDelegate.swift */; };
		04715A652C08F1D100D8DC3B /* ViewController.swift in Sources */ = {isa = PBXBuildFile; fileRef = 04715A642C08F1D100D8DC3B /* ViewController.swift */; };
		04715A682C08F1D100D8DC3B /* Main.storyboard in Resources */ = {isa = PBXBuildFile; fileRef = 04715A662C08F1D100D8DC3B /* Main.storyboard */; };
		04715A6A2C08F1D500D8DC3B /* Assets.xcassets in Resources */ = {isa = PBXBuildFile; fileRef = 04715A692C08F1D500D8DC3B /* Assets.xcassets */; };
		04715A6D2C08F1D500D8DC3B /* LaunchScreen.storyboard in Resources */ = {isa = PBXBuildFile; fileRef = 04715A6B2C08F1D500D8DC3B /* LaunchScreen.storyboard */; };
		04715A7E2C08FCA800D8DC3B /* View.swift in Sources */ = {isa = PBXBuildFile; fileRef = 04715A7D2C08FCA800D8DC3B /* View.swift */; };
		04715A802C08FCB800D8DC3B /* ViewControllerTest.swift in Sources */ = {isa = PBXBuildFile; fileRef = 04715A7F2C08FCB800D8DC3B /* ViewControllerTest.swift */; };
		04715A822C08FCC500D8DC3B /* ViewModelTemp.swift in Sources */ = {isa = PBXBuildFile; fileRef = 04715A812C08FCC500D8DC3B /* ViewModelTemp.swift */; };
		04715A842C08FCD000D8DC3B /* ViewData.swift in Sources */ = {isa = PBXBuildFile; fileRef = 04715A832C08FCD000D8DC3B /* ViewData.swift */; };
		04715A862C08FCDA00D8DC3B /* ModelTemp.swift in Sources */ = {isa = PBXBuildFile; fileRef = 04715A852C08FCDA00D8DC3B /* ModelTemp.swift */; };
		04715A8C2C08FD7300D8DC3B /* NetworkManager.swift in Sources */ = {isa = PBXBuildFile; fileRef = 04715A8B2C08FD7300D8DC3B /* NetworkManager.swift */; };
		04715A8E2C08FD7D00D8DC3B /* Local.swift in Sources */ = {isa = PBXBuildFile; fileRef = 04715A8D2C08FD7D00D8DC3B /* Local.swift */; };
		04715A912C08FDC400D8DC3B /* Model.swift in Sources */ = {isa = PBXBuildFile; fileRef = 04715A902C08FDC400D8DC3B /* Model.swift */; };
		4C9C39B22C0A2B8B003F0769 /* SginUP.swift in Sources */ = {isa = PBXBuildFile; fileRef = 4C9C39B02C0A2B8B003F0769 /* SginUP.swift */; };
		4C9C39B32C0A2B8B003F0769 /* SginUP.xib in Resources */ = {isa = PBXBuildFile; fileRef = 4C9C39B12C0A2B8B003F0769 /* SginUP.xib */; };
		4C9C39B52C0A2C03003F0769 /* NibViewController.swift in Sources */ = {isa = PBXBuildFile; fileRef = 4C9C39B42C0A2C03003F0769 /* NibViewController.swift */; };
		4CC00E812C09FE5900DD2758 /* LoginVC.swift in Sources */ = {isa = PBXBuildFile; fileRef = 4CC00E7F2C09FE5900DD2758 /* LoginVC.swift */; };
		4CC00E822C09FE5900DD2758 /* LoginVC.xib in Resources */ = {isa = PBXBuildFile; fileRef = 4CC00E802C09FE5900DD2758 /* LoginVC.xib */; };
		B972D5E42C0CA131007E0329 /* HomeStoryboard.storyboard in Resources */ = {isa = PBXBuildFile; fileRef = B972D5E32C0CA131007E0329 /* HomeStoryboard.storyboard */; };
		B972D5E62C0CA166007E0329 /* HomeCollectionViewCell.swift in Sources */ = {isa = PBXBuildFile; fileRef = B972D5E52C0CA166007E0329 /* HomeCollectionViewCell.swift */; };
		B972D5E82C0CA19D007E0329 /* BrandCollectionViewCell.swift in Sources */ = {isa = PBXBuildFile; fileRef = B972D5E72C0CA19D007E0329 /* BrandCollectionViewCell.swift */; };
		B972D5EC2C0CA212007E0329 /* HomeViewController.swift in Sources */ = {isa = PBXBuildFile; fileRef = B972D5EB2C0CA212007E0329 /* HomeViewController.swift */; };
		B972D5EE2C0CA25D007E0329 /* SectionHeaderViewCollectionReusableView.swift in Sources */ = {isa = PBXBuildFile; fileRef = B972D5ED2C0CA25D007E0329 /* SectionHeaderViewCollectionReusableView.swift */; };
		B9A4BB602C0DD08000DB16E5 /* CategoryViewController.swift in Sources */ = {isa = PBXBuildFile; fileRef = B9A4BB5F2C0DD08000DB16E5 /* CategoryViewController.swift */; };
		B9A4BB622C0DD0A300DB16E5 /* CategoryCollectionViewCell.swift in Sources */ = {isa = PBXBuildFile; fileRef = B9A4BB612C0DD0A300DB16E5 /* CategoryCollectionViewCell.swift */; };
		B9A4BB662C0DD3D400DB16E5 /* ProductCollectionViewCell.swift in Sources */ = {isa = PBXBuildFile; fileRef = B9A4BB652C0DD3D400DB16E5 /* ProductCollectionViewCell.swift */; };
		B9A4BB682C0DD3E600DB16E5 /* ProductViewController.swift in Sources */ = {isa = PBXBuildFile; fileRef = B9A4BB672C0DD3E600DB16E5 /* ProductViewController.swift */; };
		B9A4BB812C0E0A1100DB16E5 /* RxAlamofire in Frameworks */ = {isa = PBXBuildFile; productRef = B9A4BB802C0E0A1100DB16E5 /* RxAlamofire */; };
		B9A4BB842C0E0A2600DB16E5 /* Cosmos in Frameworks */ = {isa = PBXBuildFile; productRef = B9A4BB832C0E0A2600DB16E5 /* Cosmos */; };
		B9A4BB8C2C0E0AE700DB16E5 /* HomeViewModel.swift in Sources */ = {isa = PBXBuildFile; fileRef = B9A4BB8B2C0E0AE700DB16E5 /* HomeViewModel.swift */; };
		B9A4BB8E2C0E0B0600DB16E5 /* BrandResponse.swift in Sources */ = {isa = PBXBuildFile; fileRef = B9A4BB8D2C0E0B0600DB16E5 /* BrandResponse.swift */; };
		B9A4BB902C0E143D00DB16E5 /* Utilites.swift in Sources */ = {isa = PBXBuildFile; fileRef = B9A4BB8F2C0E143D00DB16E5 /* Utilites.swift */; };
/* End PBXBuildFile section */

/* Begin PBXFileReference section */
		04715A5D2C08F1D100D8DC3B /* SwiftCart.app */ = {isa = PBXFileReference; explicitFileType = wrapper.application; includeInIndex = 0; path = SwiftCart.app; sourceTree = BUILT_PRODUCTS_DIR; };
		04715A602C08F1D100D8DC3B /* AppDelegate.swift */ = {isa = PBXFileReference; lastKnownFileType = sourcecode.swift; path = AppDelegate.swift; sourceTree = "<group>"; };
		04715A622C08F1D100D8DC3B /* SceneDelegate.swift */ = {isa = PBXFileReference; lastKnownFileType = sourcecode.swift; path = SceneDelegate.swift; sourceTree = "<group>"; };
		04715A642C08F1D100D8DC3B /* ViewController.swift */ = {isa = PBXFileReference; lastKnownFileType = sourcecode.swift; path = ViewController.swift; sourceTree = "<group>"; };
		04715A672C08F1D100D8DC3B /* Base */ = {isa = PBXFileReference; lastKnownFileType = file.storyboard; name = Base; path = Base.lproj/Main.storyboard; sourceTree = "<group>"; };
		04715A692C08F1D500D8DC3B /* Assets.xcassets */ = {isa = PBXFileReference; lastKnownFileType = folder.assetcatalog; path = Assets.xcassets; sourceTree = "<group>"; };
		04715A6C2C08F1D500D8DC3B /* Base */ = {isa = PBXFileReference; lastKnownFileType = file.storyboard; name = Base; path = Base.lproj/LaunchScreen.storyboard; sourceTree = "<group>"; };
		04715A6E2C08F1D500D8DC3B /* Info.plist */ = {isa = PBXFileReference; lastKnownFileType = text.plist.xml; path = Info.plist; sourceTree = "<group>"; };
		04715A7D2C08FCA800D8DC3B /* View.swift */ = {isa = PBXFileReference; lastKnownFileType = sourcecode.swift; path = View.swift; sourceTree = "<group>"; };
		04715A7F2C08FCB800D8DC3B /* ViewControllerTest.swift */ = {isa = PBXFileReference; lastKnownFileType = sourcecode.swift; path = ViewControllerTest.swift; sourceTree = "<group>"; };
		04715A812C08FCC500D8DC3B /* ViewModelTemp.swift */ = {isa = PBXFileReference; lastKnownFileType = sourcecode.swift; path = ViewModelTemp.swift; sourceTree = "<group>"; };
		04715A832C08FCD000D8DC3B /* ViewData.swift */ = {isa = PBXFileReference; lastKnownFileType = sourcecode.swift; path = ViewData.swift; sourceTree = "<group>"; };
		04715A852C08FCDA00D8DC3B /* ModelTemp.swift */ = {isa = PBXFileReference; lastKnownFileType = sourcecode.swift; path = ModelTemp.swift; sourceTree = "<group>"; };
		04715A8B2C08FD7300D8DC3B /* NetworkManager.swift */ = {isa = PBXFileReference; lastKnownFileType = sourcecode.swift; path = NetworkManager.swift; sourceTree = "<group>"; };
		04715A8D2C08FD7D00D8DC3B /* Local.swift */ = {isa = PBXFileReference; lastKnownFileType = sourcecode.swift; path = Local.swift; sourceTree = "<group>"; };
		04715A902C08FDC400D8DC3B /* Model.swift */ = {isa = PBXFileReference; lastKnownFileType = sourcecode.swift; path = Model.swift; sourceTree = "<group>"; };
		4C9C39B02C0A2B8B003F0769 /* SginUP.swift */ = {isa = PBXFileReference; lastKnownFileType = sourcecode.swift; path = SginUP.swift; sourceTree = "<group>"; };
		4C9C39B12C0A2B8B003F0769 /* SginUP.xib */ = {isa = PBXFileReference; lastKnownFileType = file.xib; path = SginUP.xib; sourceTree = "<group>"; };
		4C9C39B42C0A2C03003F0769 /* NibViewController.swift */ = {isa = PBXFileReference; lastKnownFileType = sourcecode.swift; path = NibViewController.swift; sourceTree = "<group>"; };
		4CC00E7F2C09FE5900DD2758 /* LoginVC.swift */ = {isa = PBXFileReference; lastKnownFileType = sourcecode.swift; path = LoginVC.swift; sourceTree = "<group>"; };
		4CC00E802C09FE5900DD2758 /* LoginVC.xib */ = {isa = PBXFileReference; lastKnownFileType = file.xib; path = LoginVC.xib; sourceTree = "<group>"; };
		B972D5E32C0CA131007E0329 /* HomeStoryboard.storyboard */ = {isa = PBXFileReference; lastKnownFileType = file.storyboard; path = HomeStoryboard.storyboard; sourceTree = "<group>"; };
		B972D5E52C0CA166007E0329 /* HomeCollectionViewCell.swift */ = {isa = PBXFileReference; lastKnownFileType = sourcecode.swift; path = HomeCollectionViewCell.swift; sourceTree = "<group>"; };
		B972D5E72C0CA19D007E0329 /* BrandCollectionViewCell.swift */ = {isa = PBXFileReference; lastKnownFileType = sourcecode.swift; path = BrandCollectionViewCell.swift; sourceTree = "<group>"; };
		B972D5EB2C0CA212007E0329 /* HomeViewController.swift */ = {isa = PBXFileReference; lastKnownFileType = sourcecode.swift; path = HomeViewController.swift; sourceTree = "<group>"; };
		B972D5ED2C0CA25D007E0329 /* SectionHeaderViewCollectionReusableView.swift */ = {isa = PBXFileReference; lastKnownFileType = sourcecode.swift; path = SectionHeaderViewCollectionReusableView.swift; sourceTree = "<group>"; };
		B9A4BB5F2C0DD08000DB16E5 /* CategoryViewController.swift */ = {isa = PBXFileReference; lastKnownFileType = sourcecode.swift; path = CategoryViewController.swift; sourceTree = "<group>"; };
		B9A4BB612C0DD0A300DB16E5 /* CategoryCollectionViewCell.swift */ = {isa = PBXFileReference; lastKnownFileType = sourcecode.swift; path = CategoryCollectionViewCell.swift; sourceTree = "<group>"; };
		B9A4BB652C0DD3D400DB16E5 /* ProductCollectionViewCell.swift */ = {isa = PBXFileReference; lastKnownFileType = sourcecode.swift; path = ProductCollectionViewCell.swift; sourceTree = "<group>"; };
		B9A4BB672C0DD3E600DB16E5 /* ProductViewController.swift */ = {isa = PBXFileReference; lastKnownFileType = sourcecode.swift; path = ProductViewController.swift; sourceTree = "<group>"; };
		B9A4BB8B2C0E0AE700DB16E5 /* HomeViewModel.swift */ = {isa = PBXFileReference; lastKnownFileType = sourcecode.swift; path = HomeViewModel.swift; sourceTree = "<group>"; };
		B9A4BB8D2C0E0B0600DB16E5 /* BrandResponse.swift */ = {isa = PBXFileReference; lastKnownFileType = sourcecode.swift; path = BrandResponse.swift; sourceTree = "<group>"; };
		B9A4BB8F2C0E143D00DB16E5 /* Utilites.swift */ = {isa = PBXFileReference; lastKnownFileType = sourcecode.swift; path = Utilites.swift; sourceTree = "<group>"; };
/* End PBXFileReference section */

/* Begin PBXFrameworksBuildPhase section */
		04715A5A2C08F1D100D8DC3B /* Frameworks */ = {
			isa = PBXFrameworksBuildPhase;
			buildActionMask = 2147483647;
			files = (
				B9A4BB842C0E0A2600DB16E5 /* Cosmos in Frameworks */,
				B9A4BB812C0E0A1100DB16E5 /* RxAlamofire in Frameworks */,
			);
			runOnlyForDeploymentPostprocessing = 0;
		};
/* End PBXFrameworksBuildPhase section */

/* Begin PBXGroup section */
		04715A542C08F1D100D8DC3B = {
			isa = PBXGroup;
			children = (
				04715A5F2C08F1D100D8DC3B /* SwiftCart */,
				04715A5E2C08F1D100D8DC3B /* Products */,
			);
			sourceTree = "<group>";
		};
		04715A5E2C08F1D100D8DC3B /* Products */ = {
			isa = PBXGroup;
			children = (
				04715A5D2C08F1D100D8DC3B /* SwiftCart.app */,
			);
			name = Products;
			sourceTree = "<group>";
		};
		04715A5F2C08F1D100D8DC3B /* SwiftCart */ = {
			isa = PBXGroup;
			children = (
				04715A872C08FD4300D8DC3B /* Model */,
				04715A752C08FB6900D8DC3B /* Scenes */,
				04715A602C08F1D100D8DC3B /* AppDelegate.swift */,
				04715A622C08F1D100D8DC3B /* SceneDelegate.swift */,
				04715A642C08F1D100D8DC3B /* ViewController.swift */,
				04715A692C08F1D500D8DC3B /* Assets.xcassets */,
				04715A6E2C08F1D500D8DC3B /* Info.plist */,
			);
			path = SwiftCart;
			sourceTree = "<group>";
		};
		04715A752C08FB6900D8DC3B /* Scenes */ = {
			isa = PBXGroup;
			children = (
				B9A4BB632C0DD39F00DB16E5 /* Product */,
				B9A4BB5D2C0DD02B00DB16E5 /* Category */,
				B972D5E02C0CA0D2007E0329 /* Home */,
				4C9C39AE2C0A25CE003F0769 /* NibAssestant */,
				4CC00E7C2C09FD9500DD2758 /* Autantication */,
				04715A662C08F1D100D8DC3B /* Main.storyboard */,
				04715A6B2C08F1D500D8DC3B /* LaunchScreen.storyboard */,
				04715A762C08FBA300D8DC3B /* Temp */,
			);
			path = Scenes;
			sourceTree = "<group>";
		};
		04715A762C08FBA300D8DC3B /* Temp */ = {
			isa = PBXGroup;
			children = (
				04715A7B2C08FC5900D8DC3B /* Views */,
				04715A7C2C08FC6400D8DC3B /* ViewControllers */,
				04715A792C08FC1600D8DC3B /* ViewModels */,
				04715A7A2C08FC4F00D8DC3B /* ViewDatas */,
				04715A782C08FC0100D8DC3B /* ModelTemp */,
			);
			path = Temp;
			sourceTree = "<group>";
		};
		04715A782C08FC0100D8DC3B /* ModelTemp */ = {
			isa = PBXGroup;
			children = (
				04715A852C08FCDA00D8DC3B /* ModelTemp.swift */,
			);
			path = ModelTemp;
			sourceTree = "<group>";
		};
		04715A792C08FC1600D8DC3B /* ViewModels */ = {
			isa = PBXGroup;
			children = (
				04715A812C08FCC500D8DC3B /* ViewModelTemp.swift */,
			);
			path = ViewModels;
			sourceTree = "<group>";
		};
		04715A7A2C08FC4F00D8DC3B /* ViewDatas */ = {
			isa = PBXGroup;
			children = (
				04715A832C08FCD000D8DC3B /* ViewData.swift */,
			);
			path = ViewDatas;
			sourceTree = "<group>";
		};
		04715A7B2C08FC5900D8DC3B /* Views */ = {
			isa = PBXGroup;
			children = (
				04715A7D2C08FCA800D8DC3B /* View.swift */,
			);
			path = Views;
			sourceTree = "<group>";
		};
		04715A7C2C08FC6400D8DC3B /* ViewControllers */ = {
			isa = PBXGroup;
			children = (
				04715A7F2C08FCB800D8DC3B /* ViewControllerTest.swift */,
			);
			path = ViewControllers;
			sourceTree = "<group>";
		};
		04715A872C08FD4300D8DC3B /* Model */ = {
			isa = PBXGroup;
			children = (
				04715A882C08FD4E00D8DC3B /* Services */,
				04715A8F2C08FDA400D8DC3B /* Models */,
				B9A4BB8F2C0E143D00DB16E5 /* Utilites.swift */,
			);
			path = Model;
			sourceTree = "<group>";
		};
		04715A882C08FD4E00D8DC3B /* Services */ = {
			isa = PBXGroup;
			children = (
				04715A8A2C08FD6000D8DC3B /* Remote */,
				04715A892C08FD5800D8DC3B /* Local */,
			);
			path = Services;
			sourceTree = "<group>";
		};
		04715A892C08FD5800D8DC3B /* Local */ = {
			isa = PBXGroup;
			children = (
				04715A8D2C08FD7D00D8DC3B /* Local.swift */,
			);
			path = Local;
			sourceTree = "<group>";
		};
		04715A8A2C08FD6000D8DC3B /* Remote */ = {
			isa = PBXGroup;
			children = (
				04715A8B2C08FD7300D8DC3B /* NetworkManager.swift */,
			);
			path = Remote;
			sourceTree = "<group>";
		};
		04715A8F2C08FDA400D8DC3B /* Models */ = {
			isa = PBXGroup;
			children = (
				04715A902C08FDC400D8DC3B /* Model.swift */,
			);
			path = Models;
			sourceTree = "<group>";
		};
		4C9C39AE2C0A25CE003F0769 /* NibAssestant */ = {
			isa = PBXGroup;
			children = (
				4C9C39B42C0A2C03003F0769 /* NibViewController.swift */,
			);
			path = NibAssestant;
			sourceTree = "<group>";
		};
		4C9C39AF2C0A2B71003F0769 /* SginUP */ = {
			isa = PBXGroup;
			children = (
				4C9C39B02C0A2B8B003F0769 /* SginUP.swift */,
				4C9C39B12C0A2B8B003F0769 /* SginUP.xib */,
			);
			path = SginUP;
			sourceTree = "<group>";
		};
		4CC00E7C2C09FD9500DD2758 /* Autantication */ = {
			isa = PBXGroup;
			children = (
				4CC00E7D2C09FE2700DD2758 /* Views */,
			);
			path = Autantication;
			sourceTree = "<group>";
		};
		4CC00E7D2C09FE2700DD2758 /* Views */ = {
			isa = PBXGroup;
			children = (
				4C9C39AF2C0A2B71003F0769 /* SginUP */,
				4CC00E7E2C09FE3300DD2758 /* LoginVC */,
			);
			path = Views;
			sourceTree = "<group>";
		};
		4CC00E7E2C09FE3300DD2758 /* LoginVC */ = {
			isa = PBXGroup;
			children = (
				4CC00E7F2C09FE5900DD2758 /* LoginVC.swift */,
				4CC00E802C09FE5900DD2758 /* LoginVC.xib */,
			);
			path = LoginVC;
			sourceTree = "<group>";
		};
		B972D5E02C0CA0D2007E0329 /* Home */ = {
			isa = PBXGroup;
			children = (
				B9A4BB872C0E0A9A00DB16E5 /* ViewData */,
				B9A4BB862C0E0A8F00DB16E5 /* ViewModel */,
				B9A4BB852C0E0A8500DB16E5 /* Model */,
				B972D5E22C0CA107007E0329 /* ViewControllers */,
				B972D5E12C0CA0F8007E0329 /* Views */,
			);
			path = Home;
			sourceTree = "<group>";
		};
		B972D5E12C0CA0F8007E0329 /* Views */ = {
			isa = PBXGroup;
			children = (
				B972D5E32C0CA131007E0329 /* HomeStoryboard.storyboard */,
			);
			path = Views;
			sourceTree = "<group>";
		};
		B972D5E22C0CA107007E0329 /* ViewControllers */ = {
			isa = PBXGroup;
			children = (
				B972D5E52C0CA166007E0329 /* HomeCollectionViewCell.swift */,
				B972D5E72C0CA19D007E0329 /* BrandCollectionViewCell.swift */,
				B972D5EB2C0CA212007E0329 /* HomeViewController.swift */,
				B972D5ED2C0CA25D007E0329 /* SectionHeaderViewCollectionReusableView.swift */,
			);
			path = ViewControllers;
			sourceTree = "<group>";
		};
		B9A4BB5D2C0DD02B00DB16E5 /* Category */ = {
			isa = PBXGroup;
			children = (
				B9A4BB5E2C0DD04800DB16E5 /* ViewControllers */,
			);
			path = Category;
			sourceTree = "<group>";
		};
		B9A4BB5E2C0DD04800DB16E5 /* ViewControllers */ = {
			isa = PBXGroup;
			children = (
				B9A4BB5F2C0DD08000DB16E5 /* CategoryViewController.swift */,
				B9A4BB612C0DD0A300DB16E5 /* CategoryCollectionViewCell.swift */,
			);
			path = ViewControllers;
			sourceTree = "<group>";
		};
		B9A4BB632C0DD39F00DB16E5 /* Product */ = {
			isa = PBXGroup;
			children = (
				B9A4BB642C0DD3B200DB16E5 /* ViewControllers */,
			);
			path = Product;
			sourceTree = "<group>";
		};
		B9A4BB642C0DD3B200DB16E5 /* ViewControllers */ = {
			isa = PBXGroup;
			children = (
				B9A4BB652C0DD3D400DB16E5 /* ProductCollectionViewCell.swift */,
				B9A4BB672C0DD3E600DB16E5 /* ProductViewController.swift */,
			);
			path = ViewControllers;
			sourceTree = "<group>";
		};
		B9A4BB852C0E0A8500DB16E5 /* Model */ = {
			isa = PBXGroup;
			children = (
				B9A4BB8D2C0E0B0600DB16E5 /* BrandResponse.swift */,
			);
			path = Model;
			sourceTree = "<group>";
		};
		B9A4BB862C0E0A8F00DB16E5 /* ViewModel */ = {
			isa = PBXGroup;
			children = (
				B9A4BB8B2C0E0AE700DB16E5 /* HomeViewModel.swift */,
			);
			path = ViewModel;
			sourceTree = "<group>";
		};
		B9A4BB872C0E0A9A00DB16E5 /* ViewData */ = {
			isa = PBXGroup;
			children = (
				B9A4BB882C0E0AA900DB16E5 /* Service */,
			);
			path = ViewData;
			sourceTree = "<group>";
		};
		B9A4BB882C0E0AA900DB16E5 /* Service */ = {
			isa = PBXGroup;
			children = (
			);
			path = Service;
			sourceTree = "<group>";
		};
/* End PBXGroup section */

/* Begin PBXNativeTarget section */
		04715A5C2C08F1D100D8DC3B /* SwiftCart */ = {
			isa = PBXNativeTarget;
			buildConfigurationList = 04715A712C08F1D500D8DC3B /* Build configuration list for PBXNativeTarget "SwiftCart" */;
			buildPhases = (
				04715A592C08F1D100D8DC3B /* Sources */,
				04715A5A2C08F1D100D8DC3B /* Frameworks */,
				04715A5B2C08F1D100D8DC3B /* Resources */,
			);
			buildRules = (
			);
			dependencies = (
			);
			name = SwiftCart;
			packageProductDependencies = (
				B9A4BB802C0E0A1100DB16E5 /* RxAlamofire */,
				B9A4BB832C0E0A2600DB16E5 /* Cosmos */,
			);
			productName = SwiftCart;
			productReference = 04715A5D2C08F1D100D8DC3B /* SwiftCart.app */;
			productType = "com.apple.product-type.application";
		};
/* End PBXNativeTarget section */

/* Begin PBXProject section */
		04715A552C08F1D100D8DC3B /* Project object */ = {
			isa = PBXProject;
			attributes = {
				BuildIndependentTargetsInParallel = 1;
				LastSwiftUpdateCheck = 1520;
				LastUpgradeCheck = 1520;
				TargetAttributes = {
					04715A5C2C08F1D100D8DC3B = {
						CreatedOnToolsVersion = 15.2;
					};
				};
			};
			buildConfigurationList = 04715A582C08F1D100D8DC3B /* Build configuration list for PBXProject "SwiftCart" */;
			compatibilityVersion = "Xcode 14.0";
			developmentRegion = en;
			hasScannedForEncodings = 0;
			knownRegions = (
				en,
				Base,
			);
			mainGroup = 04715A542C08F1D100D8DC3B;
			packageReferences = (
				B9A4BB7F2C0E0A1100DB16E5 /* XCRemoteSwiftPackageReference "RxAlamofire" */,
				B9A4BB822C0E0A2600DB16E5 /* XCRemoteSwiftPackageReference "Cosmos" */,
			);
			productRefGroup = 04715A5E2C08F1D100D8DC3B /* Products */;
			projectDirPath = "";
			projectRoot = "";
			targets = (
				04715A5C2C08F1D100D8DC3B /* SwiftCart */,
			);
		};
/* End PBXProject section */

/* Begin PBXResourcesBuildPhase section */
		04715A5B2C08F1D100D8DC3B /* Resources */ = {
			isa = PBXResourcesBuildPhase;
			buildActionMask = 2147483647;
			files = (
				4C9C39B32C0A2B8B003F0769 /* SginUP.xib in Resources */,
				04715A6D2C08F1D500D8DC3B /* LaunchScreen.storyboard in Resources */,
				B972D5E42C0CA131007E0329 /* HomeStoryboard.storyboard in Resources */,
				04715A6A2C08F1D500D8DC3B /* Assets.xcassets in Resources */,
				4CC00E822C09FE5900DD2758 /* LoginVC.xib in Resources */,
				04715A682C08F1D100D8DC3B /* Main.storyboard in Resources */,
			);
			runOnlyForDeploymentPostprocessing = 0;
		};
/* End PBXResourcesBuildPhase section */

/* Begin PBXSourcesBuildPhase section */
		04715A592C08F1D100D8DC3B /* Sources */ = {
			isa = PBXSourcesBuildPhase;
			buildActionMask = 2147483647;
			files = (
				4C9C39B52C0A2C03003F0769 /* NibViewController.swift in Sources */,
				04715A842C08FCD000D8DC3B /* ViewData.swift in Sources */,
				04715A8E2C08FD7D00D8DC3B /* Local.swift in Sources */,
				B972D5EC2C0CA212007E0329 /* HomeViewController.swift in Sources */,
				4CC00E812C09FE5900DD2758 /* LoginVC.swift in Sources */,
				04715A802C08FCB800D8DC3B /* ViewControllerTest.swift in Sources */,
				B972D5E62C0CA166007E0329 /* HomeCollectionViewCell.swift in Sources */,
				B9A4BB8E2C0E0B0600DB16E5 /* BrandResponse.swift in Sources */,
				B972D5E82C0CA19D007E0329 /* BrandCollectionViewCell.swift in Sources */,
				04715A8C2C08FD7300D8DC3B /* NetworkManager.swift in Sources */,
				B9A4BB662C0DD3D400DB16E5 /* ProductCollectionViewCell.swift in Sources */,
				04715A7E2C08FCA800D8DC3B /* View.swift in Sources */,
				04715A652C08F1D100D8DC3B /* ViewController.swift in Sources */,
				04715A612C08F1D100D8DC3B /* AppDelegate.swift in Sources */,
				4C9C39B22C0A2B8B003F0769 /* SginUP.swift in Sources */,
				B9A4BB622C0DD0A300DB16E5 /* CategoryCollectionViewCell.swift in Sources */,
				04715A822C08FCC500D8DC3B /* ViewModelTemp.swift in Sources */,
				04715A912C08FDC400D8DC3B /* Model.swift in Sources */,
				B972D5EE2C0CA25D007E0329 /* SectionHeaderViewCollectionReusableView.swift in Sources */,
				B9A4BB8C2C0E0AE700DB16E5 /* HomeViewModel.swift in Sources */,
				B9A4BB902C0E143D00DB16E5 /* Utilites.swift in Sources */,
				04715A632C08F1D100D8DC3B /* SceneDelegate.swift in Sources */,
				B9A4BB602C0DD08000DB16E5 /* CategoryViewController.swift in Sources */,
				B9A4BB682C0DD3E600DB16E5 /* ProductViewController.swift in Sources */,
				04715A862C08FCDA00D8DC3B /* ModelTemp.swift in Sources */,
			);
			runOnlyForDeploymentPostprocessing = 0;
		};
/* End PBXSourcesBuildPhase section */

/* Begin PBXVariantGroup section */
		04715A662C08F1D100D8DC3B /* Main.storyboard */ = {
			isa = PBXVariantGroup;
			children = (
				04715A672C08F1D100D8DC3B /* Base */,
			);
			name = Main.storyboard;
			sourceTree = "<group>";
		};
		04715A6B2C08F1D500D8DC3B /* LaunchScreen.storyboard */ = {
			isa = PBXVariantGroup;
			children = (
				04715A6C2C08F1D500D8DC3B /* Base */,
			);
			name = LaunchScreen.storyboard;
			sourceTree = "<group>";
		};
/* End PBXVariantGroup section */

/* Begin XCBuildConfiguration section */
		04715A6F2C08F1D500D8DC3B /* Debug */ = {
			isa = XCBuildConfiguration;
			buildSettings = {
				ALWAYS_SEARCH_USER_PATHS = NO;
				ASSETCATALOG_COMPILER_GENERATE_SWIFT_ASSET_SYMBOL_EXTENSIONS = YES;
				CLANG_ANALYZER_NONNULL = YES;
				CLANG_ANALYZER_NUMBER_OBJECT_CONVERSION = YES_AGGRESSIVE;
				CLANG_CXX_LANGUAGE_STANDARD = "gnu++20";
				CLANG_ENABLE_MODULES = YES;
				CLANG_ENABLE_OBJC_ARC = YES;
				CLANG_ENABLE_OBJC_WEAK = YES;
				CLANG_WARN_BLOCK_CAPTURE_AUTORELEASING = YES;
				CLANG_WARN_BOOL_CONVERSION = YES;
				CLANG_WARN_COMMA = YES;
				CLANG_WARN_CONSTANT_CONVERSION = YES;
				CLANG_WARN_DEPRECATED_OBJC_IMPLEMENTATIONS = YES;
				CLANG_WARN_DIRECT_OBJC_ISA_USAGE = YES_ERROR;
				CLANG_WARN_DOCUMENTATION_COMMENTS = YES;
				CLANG_WARN_EMPTY_BODY = YES;
				CLANG_WARN_ENUM_CONVERSION = YES;
				CLANG_WARN_INFINITE_RECURSION = YES;
				CLANG_WARN_INT_CONVERSION = YES;
				CLANG_WARN_NON_LITERAL_NULL_CONVERSION = YES;
				CLANG_WARN_OBJC_IMPLICIT_RETAIN_SELF = YES;
				CLANG_WARN_OBJC_LITERAL_CONVERSION = YES;
				CLANG_WARN_OBJC_ROOT_CLASS = YES_ERROR;
				CLANG_WARN_QUOTED_INCLUDE_IN_FRAMEWORK_HEADER = YES;
				CLANG_WARN_RANGE_LOOP_ANALYSIS = YES;
				CLANG_WARN_STRICT_PROTOTYPES = YES;
				CLANG_WARN_SUSPICIOUS_MOVE = YES;
				CLANG_WARN_UNGUARDED_AVAILABILITY = YES_AGGRESSIVE;
				CLANG_WARN_UNREACHABLE_CODE = YES;
				CLANG_WARN__DUPLICATE_METHOD_MATCH = YES;
				COPY_PHASE_STRIP = NO;
				DEBUG_INFORMATION_FORMAT = dwarf;
				ENABLE_STRICT_OBJC_MSGSEND = YES;
				ENABLE_TESTABILITY = YES;
				ENABLE_USER_SCRIPT_SANDBOXING = YES;
				GCC_C_LANGUAGE_STANDARD = gnu17;
				GCC_DYNAMIC_NO_PIC = NO;
				GCC_NO_COMMON_BLOCKS = YES;
				GCC_OPTIMIZATION_LEVEL = 0;
				GCC_PREPROCESSOR_DEFINITIONS = (
					"DEBUG=1",
					"$(inherited)",
				);
				GCC_WARN_64_TO_32_BIT_CONVERSION = YES;
				GCC_WARN_ABOUT_RETURN_TYPE = YES_ERROR;
				GCC_WARN_UNDECLARED_SELECTOR = YES;
				GCC_WARN_UNINITIALIZED_AUTOS = YES_AGGRESSIVE;
				GCC_WARN_UNUSED_FUNCTION = YES;
				GCC_WARN_UNUSED_VARIABLE = YES;
				IPHONEOS_DEPLOYMENT_TARGET = 17.2;
				LOCALIZATION_PREFERS_STRING_CATALOGS = YES;
				MTL_ENABLE_DEBUG_INFO = INCLUDE_SOURCE;
				MTL_FAST_MATH = YES;
				ONLY_ACTIVE_ARCH = YES;
				SDKROOT = iphoneos;
				SWIFT_ACTIVE_COMPILATION_CONDITIONS = "DEBUG $(inherited)";
				SWIFT_OPTIMIZATION_LEVEL = "-Onone";
			};
			name = Debug;
		};
		04715A702C08F1D500D8DC3B /* Release */ = {
			isa = XCBuildConfiguration;
			buildSettings = {
				ALWAYS_SEARCH_USER_PATHS = NO;
				ASSETCATALOG_COMPILER_GENERATE_SWIFT_ASSET_SYMBOL_EXTENSIONS = YES;
				CLANG_ANALYZER_NONNULL = YES;
				CLANG_ANALYZER_NUMBER_OBJECT_CONVERSION = YES_AGGRESSIVE;
				CLANG_CXX_LANGUAGE_STANDARD = "gnu++20";
				CLANG_ENABLE_MODULES = YES;
				CLANG_ENABLE_OBJC_ARC = YES;
				CLANG_ENABLE_OBJC_WEAK = YES;
				CLANG_WARN_BLOCK_CAPTURE_AUTORELEASING = YES;
				CLANG_WARN_BOOL_CONVERSION = YES;
				CLANG_WARN_COMMA = YES;
				CLANG_WARN_CONSTANT_CONVERSION = YES;
				CLANG_WARN_DEPRECATED_OBJC_IMPLEMENTATIONS = YES;
				CLANG_WARN_DIRECT_OBJC_ISA_USAGE = YES_ERROR;
				CLANG_WARN_DOCUMENTATION_COMMENTS = YES;
				CLANG_WARN_EMPTY_BODY = YES;
				CLANG_WARN_ENUM_CONVERSION = YES;
				CLANG_WARN_INFINITE_RECURSION = YES;
				CLANG_WARN_INT_CONVERSION = YES;
				CLANG_WARN_NON_LITERAL_NULL_CONVERSION = YES;
				CLANG_WARN_OBJC_IMPLICIT_RETAIN_SELF = YES;
				CLANG_WARN_OBJC_LITERAL_CONVERSION = YES;
				CLANG_WARN_OBJC_ROOT_CLASS = YES_ERROR;
				CLANG_WARN_QUOTED_INCLUDE_IN_FRAMEWORK_HEADER = YES;
				CLANG_WARN_RANGE_LOOP_ANALYSIS = YES;
				CLANG_WARN_STRICT_PROTOTYPES = YES;
				CLANG_WARN_SUSPICIOUS_MOVE = YES;
				CLANG_WARN_UNGUARDED_AVAILABILITY = YES_AGGRESSIVE;
				CLANG_WARN_UNREACHABLE_CODE = YES;
				CLANG_WARN__DUPLICATE_METHOD_MATCH = YES;
				COPY_PHASE_STRIP = NO;
				DEBUG_INFORMATION_FORMAT = "dwarf-with-dsym";
				ENABLE_NS_ASSERTIONS = NO;
				ENABLE_STRICT_OBJC_MSGSEND = YES;
				ENABLE_USER_SCRIPT_SANDBOXING = YES;
				GCC_C_LANGUAGE_STANDARD = gnu17;
				GCC_NO_COMMON_BLOCKS = YES;
				GCC_WARN_64_TO_32_BIT_CONVERSION = YES;
				GCC_WARN_ABOUT_RETURN_TYPE = YES_ERROR;
				GCC_WARN_UNDECLARED_SELECTOR = YES;
				GCC_WARN_UNINITIALIZED_AUTOS = YES_AGGRESSIVE;
				GCC_WARN_UNUSED_FUNCTION = YES;
				GCC_WARN_UNUSED_VARIABLE = YES;
				IPHONEOS_DEPLOYMENT_TARGET = 17.2;
				LOCALIZATION_PREFERS_STRING_CATALOGS = YES;
				MTL_ENABLE_DEBUG_INFO = NO;
				MTL_FAST_MATH = YES;
				SDKROOT = iphoneos;
				SWIFT_COMPILATION_MODE = wholemodule;
				VALIDATE_PRODUCT = YES;
			};
			name = Release;
		};
		04715A722C08F1D500D8DC3B /* Debug */ = {
			isa = XCBuildConfiguration;
			buildSettings = {
				ASSETCATALOG_COMPILER_APPICON_NAME = AppIcon;
				ASSETCATALOG_COMPILER_GLOBAL_ACCENT_COLOR_NAME = AccentColor;
				CODE_SIGN_STYLE = Automatic;
				CURRENT_PROJECT_VERSION = 1;
				GENERATE_INFOPLIST_FILE = YES;
				INFOPLIST_FILE = SwiftCart/Info.plist;
				INFOPLIST_KEY_UIApplicationSupportsIndirectInputEvents = YES;
				INFOPLIST_KEY_UILaunchStoryboardName = LaunchScreen;
				INFOPLIST_KEY_UIMainStoryboardFile = HomeStoryboard;
				INFOPLIST_KEY_UISupportedInterfaceOrientations_iPad = "UIInterfaceOrientationPortrait UIInterfaceOrientationPortraitUpsideDown UIInterfaceOrientationLandscapeLeft UIInterfaceOrientationLandscapeRight";
				INFOPLIST_KEY_UISupportedInterfaceOrientations_iPhone = "UIInterfaceOrientationPortrait UIInterfaceOrientationLandscapeLeft UIInterfaceOrientationLandscapeRight";
				LD_RUNPATH_SEARCH_PATHS = (
					"$(inherited)",
					"@executable_path/Frameworks",
				);
				MARKETING_VERSION = 1.0;
				PRODUCT_BUNDLE_IDENTIFIER = iTi.SwiftCart;
				PRODUCT_NAME = "$(TARGET_NAME)";
				SWIFT_EMIT_LOC_STRINGS = YES;
				SWIFT_VERSION = 5.0;
				TARGETED_DEVICE_FAMILY = "1,2";
			};
			name = Debug;
		};
		04715A732C08F1D500D8DC3B /* Release */ = {
			isa = XCBuildConfiguration;
			buildSettings = {
				ASSETCATALOG_COMPILER_APPICON_NAME = AppIcon;
				ASSETCATALOG_COMPILER_GLOBAL_ACCENT_COLOR_NAME = AccentColor;
				CODE_SIGN_STYLE = Automatic;
				CURRENT_PROJECT_VERSION = 1;
				GENERATE_INFOPLIST_FILE = YES;
				INFOPLIST_FILE = SwiftCart/Info.plist;
				INFOPLIST_KEY_UIApplicationSupportsIndirectInputEvents = YES;
				INFOPLIST_KEY_UILaunchStoryboardName = LaunchScreen;
				INFOPLIST_KEY_UIMainStoryboardFile = HomeStoryboard;
				INFOPLIST_KEY_UISupportedInterfaceOrientations_iPad = "UIInterfaceOrientationPortrait UIInterfaceOrientationPortraitUpsideDown UIInterfaceOrientationLandscapeLeft UIInterfaceOrientationLandscapeRight";
				INFOPLIST_KEY_UISupportedInterfaceOrientations_iPhone = "UIInterfaceOrientationPortrait UIInterfaceOrientationLandscapeLeft UIInterfaceOrientationLandscapeRight";
				LD_RUNPATH_SEARCH_PATHS = (
					"$(inherited)",
					"@executable_path/Frameworks",
				);
				MARKETING_VERSION = 1.0;
				PRODUCT_BUNDLE_IDENTIFIER = iTi.SwiftCart;
				PRODUCT_NAME = "$(TARGET_NAME)";
				SWIFT_EMIT_LOC_STRINGS = YES;
				SWIFT_VERSION = 5.0;
				TARGETED_DEVICE_FAMILY = "1,2";
			};
			name = Release;
		};
/* End XCBuildConfiguration section */

/* Begin XCConfigurationList section */
		04715A582C08F1D100D8DC3B /* Build configuration list for PBXProject "SwiftCart" */ = {
			isa = XCConfigurationList;
			buildConfigurations = (
				04715A6F2C08F1D500D8DC3B /* Debug */,
				04715A702C08F1D500D8DC3B /* Release */,
			);
			defaultConfigurationIsVisible = 0;
			defaultConfigurationName = Release;
		};
		04715A712C08F1D500D8DC3B /* Build configuration list for PBXNativeTarget "SwiftCart" */ = {
			isa = XCConfigurationList;
			buildConfigurations = (
				04715A722C08F1D500D8DC3B /* Debug */,
				04715A732C08F1D500D8DC3B /* Release */,
			);
			defaultConfigurationIsVisible = 0;
			defaultConfigurationName = Release;
		};
/* End XCConfigurationList section */

/* Begin XCRemoteSwiftPackageReference section */
		B9A4BB7F2C0E0A1100DB16E5 /* XCRemoteSwiftPackageReference "RxAlamofire" */ = {
			isa = XCRemoteSwiftPackageReference;
			repositoryURL = "https://github.com/RxSwiftCommunity/RxAlamofire.git";
			requirement = {
				kind = upToNextMajorVersion;
				minimumVersion = 5.2.0;
			};
		};
		B9A4BB822C0E0A2600DB16E5 /* XCRemoteSwiftPackageReference "Cosmos" */ = {
			isa = XCRemoteSwiftPackageReference;
			repositoryURL = "https://github.com/evgenyneu/Cosmos.git";
			requirement = {
				kind = upToNextMajorVersion;
				minimumVersion = 25.0.1;
			};
		};
/* End XCRemoteSwiftPackageReference section */

/* Begin XCSwiftPackageProductDependency section */
		B9A4BB802C0E0A1100DB16E5 /* RxAlamofire */ = {
			isa = XCSwiftPackageProductDependency;
			package = B9A4BB7F2C0E0A1100DB16E5 /* XCRemoteSwiftPackageReference "RxAlamofire" */;
			productName = RxAlamofire;
		};
		B9A4BB832C0E0A2600DB16E5 /* Cosmos */ = {
			isa = XCSwiftPackageProductDependency;
			package = B9A4BB822C0E0A2600DB16E5 /* XCRemoteSwiftPackageReference "Cosmos" */;
			productName = Cosmos;
		};
/* End XCSwiftPackageProductDependency section */
	};
	rootObject = 04715A552C08F1D100D8DC3B /* Project object */;
}
